
Microsoft Visual Studio Solution File, Format Version 12.00
# Visual Studio Version 16
VisualStudioVersion = 16.0.30204.135
MinimumVisualStudioVersion = 10.0.40219.1
Project("{9A19103F-16F7-4668-BE54-9A1E7A4F7556}") = "Sample", "Sample\Sample.csproj", "{0802F823-B04F-4C67-8B22-62E0D6D052DE}"
EndProject
Project("{9A19103F-16F7-4668-BE54-9A1E7A4F7556}") = "RefitConsul", "RefitConsul\RefitConsul.csproj", "{F3918B5A-F415-40B4-8C0C-C896A954461D}"
EndProject
Global
	GlobalSection(SolutionConfigurationPlatforms) = preSolution
		Debug|Any CPU = Debug|Any CPU
		Release|Any CPU = Release|Any CPU
	EndGlobalSection
	GlobalSection(ProjectConfigurationPlatforms) = postSolution
		{0802F823-B04F-4C67-8B22-62E0D6D052DE}.Debug|Any CPU.ActiveCfg = Debug|Any CPU
		{0802F823-B04F-4C67-8B22-62E0D6D052DE}.Debug|Any CPU.Build.0 = Debug|Any CPU
		{0802F823-B04F-4C67-8B22-62E0D6D052DE}.Release|Any CPU.ActiveCfg = Release|Any CPU
		{0802F823-B04F-4C67-8B22-62E0D6D052DE}.Release|Any CPU.Build.0 = Release|Any CPU
		{F3918B5A-F415-40B4-8C0C-C896A954461D}.Debug|Any CPU.ActiveCfg = Debug|Any CPU
		{F3918B5A-F415-40B4-8C0C-C896A954461D}.Debug|Any CPU.Build.0 = Debug|Any CPU
		{F3918B5A-F415-40B4-8C0C-C896A954461D}.Release|Any CPU.ActiveCfg = Release|Any CPU
		{F3918B5A-F415-40B4-8C0C-C896A954461D}.Release|Any CPU.Build.0 = Release|Any CPU
	EndGlobalSection
	GlobalSection(SolutionProperties) = preSolution
		HideSolutionNode = FALSE
	EndGlobalSection
	GlobalSection(ExtensibilityGlobals) = postSolution
		SolutionGuid = {6A935C0C-A4C4-43C8-8B64-9D899644C661}
	EndGlobalSection
EndGlobal
